
Microsoft Visual Studio Solution File, Format Version 12.00
# Visual Studio Version 17
VisualStudioVersion = 17.1.32228.430
MinimumVisualStudioVersion = 10.0.40219.1
Project("{FAE04EC0-301F-11D3-BF4B-00C04F79EFBC}") = "Task4", "Task4\Task4.csproj", "{02AE9199-1270-40B3-A590-B0D822484836}"
EndProject
Global
	GlobalSection(SolutionConfigurationPlatforms) = preSolution
		Debug|Any CPU = Debug|Any CPU
		Release|Any CPU = Release|Any CPU
	EndGlobalSection
	GlobalSection(ProjectConfigurationPlatforms) = postSolution
		{02AE9199-1270-40B3-A590-B0D822484836}.Debug|Any CPU.ActiveCfg = Debug|Any CPU
		{02AE9199-1270-40B3-A590-B0D822484836}.Debug|Any CPU.Build.0 = Debug|Any CPU
		{02AE9199-1270-40B3-A590-B0D822484836}.Release|Any CPU.ActiveCfg = Release|Any CPU
		{02AE9199-1270-40B3-A590-B0D822484836}.Release|Any CPU.Build.0 = Release|Any CPU
	EndGlobalSection
	GlobalSection(SolutionProperties) = preSolution
		HideSolutionNode = FALSE
	EndGlobalSection
	GlobalSection(ExtensibilityGlobals) = postSolution
		SolutionGuid = {DBA5FB91-2807-42E8-B382-43510B12D6E4}
	EndGlobalSection
EndGlobal
